
Microsoft Visual Studio Solution File, Format Version 12.00
# Visual Studio Version 16
VisualStudioVersion = 16.0.30114.105
MinimumVisualStudioVersion = 10.0.40219.1
Project("{FAE04EC0-301F-11D3-BF4B-00C04F79EFBC}") = "AIIVE.ES7.Training.Data", "src\AIIVE.ES7.Training.Data\AIIVE.ES7.Training.Data.csproj", "{0E791055-AF28-4507-AFE1-BCF3C2956F9B}"
EndProject
Project("{FAE04EC0-301F-11D3-BF4B-00C04F79EFBC}") = "AIIVE.ES7.Training.Data.IntegrationTest", "tests\AIIVE.ES7.Training.Data.IntegrationTest\AIIVE.ES7.Training.Data.IntegrationTest.csproj", "{F0F554FD-E7C4-4AD6-8004-8B47590F1D81}"
EndProject
Global
	GlobalSection(SolutionConfigurationPlatforms) = preSolution
		Debug|Any CPU = Debug|Any CPU
		Release|Any CPU = Release|Any CPU
	EndGlobalSection
	GlobalSection(ProjectConfigurationPlatforms) = postSolution
		{0E791055-AF28-4507-AFE1-BCF3C2956F9B}.Debug|Any CPU.ActiveCfg = Debug|Any CPU
		{0E791055-AF28-4507-AFE1-BCF3C2956F9B}.Debug|Any CPU.Build.0 = Debug|Any CPU
		{0E791055-AF28-4507-AFE1-BCF3C2956F9B}.Release|Any CPU.ActiveCfg = Release|Any CPU
		{0E791055-AF28-4507-AFE1-BCF3C2956F9B}.Release|Any CPU.Build.0 = Release|Any CPU
		{F0F554FD-E7C4-4AD6-8004-8B47590F1D81}.Debug|Any CPU.ActiveCfg = Debug|Any CPU
		{F0F554FD-E7C4-4AD6-8004-8B47590F1D81}.Debug|Any CPU.Build.0 = Debug|Any CPU
		{F0F554FD-E7C4-4AD6-8004-8B47590F1D81}.Release|Any CPU.ActiveCfg = Release|Any CPU
		{F0F554FD-E7C4-4AD6-8004-8B47590F1D81}.Release|Any CPU.Build.0 = Release|Any CPU
	EndGlobalSection
	GlobalSection(SolutionProperties) = preSolution
		HideSolutionNode = FALSE
	EndGlobalSection
	GlobalSection(ExtensibilityGlobals) = postSolution
		SolutionGuid = {002238E0-C657-4A64-9F35-E9D2D788BB45}
	EndGlobalSection
EndGlobal
